
Microsoft Visual Studio Solution File, Format Version 12.00
# Visual Studio Version 17
VisualStudioVersion = 17.1.32328.378
MinimumVisualStudioVersion = 10.0.40219.1
Project("{FAE04EC0-301F-11D3-BF4B-00C04F79EFBC}") = "ProjektHund", "ProjektHund\ProjektHund.csproj", "{03E1B01F-AE88-4C41-B206-CAE56956CE3B}"
EndProject
Global
	GlobalSection(SolutionConfigurationPlatforms) = preSolution
		Debug|Any CPU = Debug|Any CPU
		Release|Any CPU = Release|Any CPU
	EndGlobalSection
	GlobalSection(ProjectConfigurationPlatforms) = postSolution
		{03E1B01F-AE88-4C41-B206-CAE56956CE3B}.Debug|Any CPU.ActiveCfg = Debug|Any CPU
		{03E1B01F-AE88-4C41-B206-CAE56956CE3B}.Debug|Any CPU.Build.0 = Debug|Any CPU
		{03E1B01F-AE88-4C41-B206-CAE56956CE3B}.Release|Any CPU.ActiveCfg = Release|Any CPU
		{03E1B01F-AE88-4C41-B206-CAE56956CE3B}.Release|Any CPU.Build.0 = Release|Any CPU
	EndGlobalSection
	GlobalSection(SolutionProperties) = preSolution
		HideSolutionNode = FALSE
	EndGlobalSection
	GlobalSection(ExtensibilityGlobals) = postSolution
		SolutionGuid = {1182CCA4-EEB0-460B-A76B-AD2F0FFDC197}
	EndGlobalSection
EndGlobal
